
Microsoft Visual Studio Solution File, Format Version 12.00
# Visual Studio Version 17
VisualStudioVersion = 17.8.34330.188
MinimumVisualStudioVersion = 10.0.40219.1
Project("{8BC9CEB8-8B4A-11D0-8D11-00A0C91BC942}") = "home_work_3.2_OOP._abstraction_and_encapsulation", "home_work_3.2_OOP._abstraction_and_encapsulation\home_work_3.2_OOP._abstraction_and_encapsulation.vcxproj", "{CA5B0774-ED15-4464-B760-0532B97CCB7E}"
EndProject
Global
	GlobalSection(SolutionConfigurationPlatforms) = preSolution
		Debug|x64 = Debug|x64
		Debug|x86 = Debug|x86
		Release|x64 = Release|x64
		Release|x86 = Release|x86
	EndGlobalSection
	GlobalSection(ProjectConfigurationPlatforms) = postSolution
		{CA5B0774-ED15-4464-B760-0532B97CCB7E}.Debug|x64.ActiveCfg = Debug|x64
		{CA5B0774-ED15-4464-B760-0532B97CCB7E}.Debug|x64.Build.0 = Debug|x64
		{CA5B0774-ED15-4464-B760-0532B97CCB7E}.Debug|x86.ActiveCfg = Debug|Win32
		{CA5B0774-ED15-4464-B760-0532B97CCB7E}.Debug|x86.Build.0 = Debug|Win32
		{CA5B0774-ED15-4464-B760-0532B97CCB7E}.Release|x64.ActiveCfg = Release|x64
		{CA5B0774-ED15-4464-B760-0532B97CCB7E}.Release|x64.Build.0 = Release|x64
		{CA5B0774-ED15-4464-B760-0532B97CCB7E}.Release|x86.ActiveCfg = Release|Win32
		{CA5B0774-ED15-4464-B760-0532B97CCB7E}.Release|x86.Build.0 = Release|Win32
	EndGlobalSection
	GlobalSection(SolutionProperties) = preSolution
		HideSolutionNode = FALSE
	EndGlobalSection
	GlobalSection(ExtensibilityGlobals) = postSolution
		SolutionGuid = {4DAD6E58-BEDD-4A95-B7C1-D289FBF3BB8D}
	EndGlobalSection
EndGlobal
