
Microsoft Visual Studio Solution File, Format Version 12.00
# Visual Studio Version 17
VisualStudioVersion = 17.9.34607.119
MinimumVisualStudioVersion = 10.0.40219.1
Project("{8BC9CEB8-8B4A-11D0-8D11-00A0C91BC942}") = "Homework_10.2_Dynamic_Library", "Homework_10.2_Dynamic_Library\Homework_10.2_Dynamic_Library.vcxproj", "{A6186D1D-042D-4D05-B465-630A3F44279F}"
EndProject
Project("{8BC9CEB8-8B4A-11D0-8D11-00A0C91BC942}") = "Homework_10.2_main", "Homework_10.2_main\Homework_10.2_main.vcxproj", "{2CB87F92-415F-403F-A602-969AD443FCB9}"
EndProject
Global
	GlobalSection(SolutionConfigurationPlatforms) = preSolution
		Debug|x64 = Debug|x64
		Debug|x86 = Debug|x86
		Release|x64 = Release|x64
		Release|x86 = Release|x86
	EndGlobalSection
	GlobalSection(ProjectConfigurationPlatforms) = postSolution
		{A6186D1D-042D-4D05-B465-630A3F44279F}.Debug|x64.ActiveCfg = Debug|x64
		{A6186D1D-042D-4D05-B465-630A3F44279F}.Debug|x64.Build.0 = Debug|x64
		{A6186D1D-042D-4D05-B465-630A3F44279F}.Debug|x86.ActiveCfg = Debug|Win32
		{A6186D1D-042D-4D05-B465-630A3F44279F}.Debug|x86.Build.0 = Debug|Win32
		{A6186D1D-042D-4D05-B465-630A3F44279F}.Release|x64.ActiveCfg = Release|x64
		{A6186D1D-042D-4D05-B465-630A3F44279F}.Release|x64.Build.0 = Release|x64
		{A6186D1D-042D-4D05-B465-630A3F44279F}.Release|x86.ActiveCfg = Release|Win32
		{A6186D1D-042D-4D05-B465-630A3F44279F}.Release|x86.Build.0 = Release|Win32
		{2CB87F92-415F-403F-A602-969AD443FCB9}.Debug|x64.ActiveCfg = Debug|x64
		{2CB87F92-415F-403F-A602-969AD443FCB9}.Debug|x64.Build.0 = Debug|x64
		{2CB87F92-415F-403F-A602-969AD443FCB9}.Debug|x86.ActiveCfg = Debug|Win32
		{2CB87F92-415F-403F-A602-969AD443FCB9}.Debug|x86.Build.0 = Debug|Win32
		{2CB87F92-415F-403F-A602-969AD443FCB9}.Release|x64.ActiveCfg = Release|x64
		{2CB87F92-415F-403F-A602-969AD443FCB9}.Release|x64.Build.0 = Release|x64
		{2CB87F92-415F-403F-A602-969AD443FCB9}.Release|x86.ActiveCfg = Release|Win32
		{2CB87F92-415F-403F-A602-969AD443FCB9}.Release|x86.Build.0 = Release|Win32
	EndGlobalSection
	GlobalSection(SolutionProperties) = preSolution
		HideSolutionNode = FALSE
	EndGlobalSection
	GlobalSection(ExtensibilityGlobals) = postSolution
		SolutionGuid = {1250D03E-EB26-4091-877A-906C6F17292A}
	EndGlobalSection
EndGlobal
